
Microsoft Visual Studio Solution File, Format Version 12.00
# Visual Studio Version 17
VisualStudioVersion = 17.5.002.0
MinimumVisualStudioVersion = 10.0.40219.1
Project("{9A19103F-16F7-4668-BE54-9A1E7A4F7556}") = "WebAPIwithMongoDB", "WebAPIwithMongoDB.csproj", "{EB07BDB5-561A-4F66-98EA-CBC3B2BE0048}"
EndProject
Global
	GlobalSection(SolutionConfigurationPlatforms) = preSolution
		Debug|Any CPU = Debug|Any CPU
		Release|Any CPU = Release|Any CPU
	EndGlobalSection
	GlobalSection(ProjectConfigurationPlatforms) = postSolution
		{EB07BDB5-561A-4F66-98EA-CBC3B2BE0048}.Debug|Any CPU.ActiveCfg = Debug|Any CPU
		{EB07BDB5-561A-4F66-98EA-CBC3B2BE0048}.Debug|Any CPU.Build.0 = Debug|Any CPU
		{EB07BDB5-561A-4F66-98EA-CBC3B2BE0048}.Release|Any CPU.ActiveCfg = Release|Any CPU
		{EB07BDB5-561A-4F66-98EA-CBC3B2BE0048}.Release|Any CPU.Build.0 = Release|Any CPU
	EndGlobalSection
	GlobalSection(SolutionProperties) = preSolution
		HideSolutionNode = FALSE
	EndGlobalSection
	GlobalSection(ExtensibilityGlobals) = postSolution
		SolutionGuid = {3449B231-B22B-4F41-B0FD-1DCDD7D6BC51}
	EndGlobalSection
EndGlobal
